
Microsoft Visual Studio Solution File, Format Version 12.00
# Visual Studio Version 17
VisualStudioVersion = 17.8.0.0
MinimumVisualStudioVersion = 17.8.0.0
Project("{9A19103F-16F7-4668-BE54-9A1E7A4F7556}") = "ProtoPlanner.AppHost", "ProtoPlanner.AppHost\ProtoPlanner.AppHost.csproj", "{B82BB373-AC9B-4428-A413-0F2D1E306235}"
EndProject
Project("{9A19103F-16F7-4668-BE54-9A1E7A4F7556}") = "ProtoPlanner.ServiceDefaults", "ProtoPlanner.ServiceDefaults\ProtoPlanner.ServiceDefaults.csproj", "{2F3CC3A8-A48C-4963-9A21-FEC7D00F42F8}"
EndProject
Project("{9A19103F-16F7-4668-BE54-9A1E7A4F7556}") = "ProtoPlanner.Tests", "ProtoPlanner.Tests\ProtoPlanner.Tests.csproj", "{F1186515-C3AC-415F-A662-70191008F8D9}"
EndProject
Project("{FAE04EC0-301F-11D3-BF4B-00C04F79EFBC}") = "Module.Inventory.ApiService", "Module.Inventory.ApiService\Module.Inventory.ApiService.csproj", "{584ECF63-EED7-4492-BEE7-D7AA070FAB34}"
EndProject
Project("{FAE04EC0-301F-11D3-BF4B-00C04F79EFBC}") = "Module.Sales.ApiService", "Module.Sales.ApiService\Module.Sales.ApiService.csproj", "{00E23A18-12B8-4AF8-8454-12D22E7D0DF7}"
EndProject
Project("{FAE04EC0-301F-11D3-BF4B-00C04F79EFBC}") = "Module.Inventory.MigrationService", "Module.Inventory.MigrationService\Module.Inventory.MigrationService.csproj", "{B999FD9C-BB79-477A-BAFC-D3067EBA78B7}"
EndProject
Global
	GlobalSection(SolutionConfigurationPlatforms) = preSolution
		Debug|Any CPU = Debug|Any CPU
		Debug|x64 = Debug|x64
		Debug|x86 = Debug|x86
		Release|Any CPU = Release|Any CPU
		Release|x64 = Release|x64
		Release|x86 = Release|x86
	EndGlobalSection
	GlobalSection(ProjectConfigurationPlatforms) = postSolution
		{B82BB373-AC9B-4428-A413-0F2D1E306235}.Debug|Any CPU.ActiveCfg = Debug|Any CPU
		{B82BB373-AC9B-4428-A413-0F2D1E306235}.Debug|Any CPU.Build.0 = Debug|Any CPU
		{B82BB373-AC9B-4428-A413-0F2D1E306235}.Debug|x64.ActiveCfg = Debug|Any CPU
		{B82BB373-AC9B-4428-A413-0F2D1E306235}.Debug|x64.Build.0 = Debug|Any CPU
		{B82BB373-AC9B-4428-A413-0F2D1E306235}.Debug|x86.ActiveCfg = Debug|Any CPU
		{B82BB373-AC9B-4428-A413-0F2D1E306235}.Debug|x86.Build.0 = Debug|Any CPU
		{B82BB373-AC9B-4428-A413-0F2D1E306235}.Release|Any CPU.ActiveCfg = Release|Any CPU
		{B82BB373-AC9B-4428-A413-0F2D1E306235}.Release|Any CPU.Build.0 = Release|Any CPU
		{B82BB373-AC9B-4428-A413-0F2D1E306235}.Release|x64.ActiveCfg = Release|Any CPU
		{B82BB373-AC9B-4428-A413-0F2D1E306235}.Release|x64.Build.0 = Release|Any CPU
		{B82BB373-AC9B-4428-A413-0F2D1E306235}.Release|x86.ActiveCfg = Release|Any CPU
		{B82BB373-AC9B-4428-A413-0F2D1E306235}.Release|x86.Build.0 = Release|Any CPU
		{2F3CC3A8-A48C-4963-9A21-FEC7D00F42F8}.Debug|Any CPU.ActiveCfg = Debug|Any CPU
		{2F3CC3A8-A48C-4963-9A21-FEC7D00F42F8}.Debug|Any CPU.Build.0 = Debug|Any CPU
		{2F3CC3A8-A48C-4963-9A21-FEC7D00F42F8}.Debug|x64.ActiveCfg = Debug|Any CPU
		{2F3CC3A8-A48C-4963-9A21-FEC7D00F42F8}.Debug|x64.Build.0 = Debug|Any CPU
		{2F3CC3A8-A48C-4963-9A21-FEC7D00F42F8}.Debug|x86.ActiveCfg = Debug|Any CPU
		{2F3CC3A8-A48C-4963-9A21-FEC7D00F42F8}.Debug|x86.Build.0 = Debug|Any CPU
		{2F3CC3A8-A48C-4963-9A21-FEC7D00F42F8}.Release|Any CPU.ActiveCfg = Release|Any CPU
		{2F3CC3A8-A48C-4963-9A21-FEC7D00F42F8}.Release|Any CPU.Build.0 = Release|Any CPU
		{2F3CC3A8-A48C-4963-9A21-FEC7D00F42F8}.Release|x64.ActiveCfg = Release|Any CPU
		{2F3CC3A8-A48C-4963-9A21-FEC7D00F42F8}.Release|x64.Build.0 = Release|Any CPU
		{2F3CC3A8-A48C-4963-9A21-FEC7D00F42F8}.Release|x86.ActiveCfg = Release|Any CPU
		{2F3CC3A8-A48C-4963-9A21-FEC7D00F42F8}.Release|x86.Build.0 = Release|Any CPU
		{F1186515-C3AC-415F-A662-70191008F8D9}.Debug|Any CPU.ActiveCfg = Debug|Any CPU
		{F1186515-C3AC-415F-A662-70191008F8D9}.Debug|Any CPU.Build.0 = Debug|Any CPU
		{F1186515-C3AC-415F-A662-70191008F8D9}.Debug|x64.ActiveCfg = Debug|Any CPU
		{F1186515-C3AC-415F-A662-70191008F8D9}.Debug|x64.Build.0 = Debug|Any CPU
		{F1186515-C3AC-415F-A662-70191008F8D9}.Debug|x86.ActiveCfg = Debug|Any CPU
		{F1186515-C3AC-415F-A662-70191008F8D9}.Debug|x86.Build.0 = Debug|Any CPU
		{F1186515-C3AC-415F-A662-70191008F8D9}.Release|Any CPU.ActiveCfg = Release|Any CPU
		{F1186515-C3AC-415F-A662-70191008F8D9}.Release|Any CPU.Build.0 = Release|Any CPU
		{F1186515-C3AC-415F-A662-70191008F8D9}.Release|x64.ActiveCfg = Release|Any CPU
		{F1186515-C3AC-415F-A662-70191008F8D9}.Release|x64.Build.0 = Release|Any CPU
		{F1186515-C3AC-415F-A662-70191008F8D9}.Release|x86.ActiveCfg = Release|Any CPU
		{F1186515-C3AC-415F-A662-70191008F8D9}.Release|x86.Build.0 = Release|Any CPU
		{584ECF63-EED7-4492-BEE7-D7AA070FAB34}.Debug|Any CPU.ActiveCfg = Debug|Any CPU
		{584ECF63-EED7-4492-BEE7-D7AA070FAB34}.Debug|Any CPU.Build.0 = Debug|Any CPU
		{584ECF63-EED7-4492-BEE7-D7AA070FAB34}.Debug|x64.ActiveCfg = Debug|Any CPU
		{584ECF63-EED7-4492-BEE7-D7AA070FAB34}.Debug|x64.Build.0 = Debug|Any CPU
		{584ECF63-EED7-4492-BEE7-D7AA070FAB34}.Debug|x86.ActiveCfg = Debug|Any CPU
		{584ECF63-EED7-4492-BEE7-D7AA070FAB34}.Debug|x86.Build.0 = Debug|Any CPU
		{584ECF63-EED7-4492-BEE7-D7AA070FAB34}.Release|Any CPU.ActiveCfg = Release|Any CPU
		{584ECF63-EED7-4492-BEE7-D7AA070FAB34}.Release|Any CPU.Build.0 = Release|Any CPU
		{584ECF63-EED7-4492-BEE7-D7AA070FAB34}.Release|x64.ActiveCfg = Release|Any CPU
		{584ECF63-EED7-4492-BEE7-D7AA070FAB34}.Release|x64.Build.0 = Release|Any CPU
		{584ECF63-EED7-4492-BEE7-D7AA070FAB34}.Release|x86.ActiveCfg = Release|Any CPU
		{584ECF63-EED7-4492-BEE7-D7AA070FAB34}.Release|x86.Build.0 = Release|Any CPU
		{00E23A18-12B8-4AF8-8454-12D22E7D0DF7}.Debug|Any CPU.ActiveCfg = Debug|Any CPU
		{00E23A18-12B8-4AF8-8454-12D22E7D0DF7}.Debug|Any CPU.Build.0 = Debug|Any CPU
		{00E23A18-12B8-4AF8-8454-12D22E7D0DF7}.Debug|x64.ActiveCfg = Debug|Any CPU
		{00E23A18-12B8-4AF8-8454-12D22E7D0DF7}.Debug|x64.Build.0 = Debug|Any CPU
		{00E23A18-12B8-4AF8-8454-12D22E7D0DF7}.Debug|x86.ActiveCfg = Debug|Any CPU
		{00E23A18-12B8-4AF8-8454-12D22E7D0DF7}.Debug|x86.Build.0 = Debug|Any CPU
		{00E23A18-12B8-4AF8-8454-12D22E7D0DF7}.Release|Any CPU.ActiveCfg = Release|Any CPU
		{00E23A18-12B8-4AF8-8454-12D22E7D0DF7}.Release|Any CPU.Build.0 = Release|Any CPU
		{00E23A18-12B8-4AF8-8454-12D22E7D0DF7}.Release|x64.ActiveCfg = Release|Any CPU
		{00E23A18-12B8-4AF8-8454-12D22E7D0DF7}.Release|x64.Build.0 = Release|Any CPU
		{00E23A18-12B8-4AF8-8454-12D22E7D0DF7}.Release|x86.ActiveCfg = Release|Any CPU
		{00E23A18-12B8-4AF8-8454-12D22E7D0DF7}.Release|x86.Build.0 = Release|Any CPU
		{B999FD9C-BB79-477A-BAFC-D3067EBA78B7}.Debug|Any CPU.ActiveCfg = Debug|Any CPU
		{B999FD9C-BB79-477A-BAFC-D3067EBA78B7}.Debug|Any CPU.Build.0 = Debug|Any CPU
		{B999FD9C-BB79-477A-BAFC-D3067EBA78B7}.Debug|x64.ActiveCfg = Debug|Any CPU
		{B999FD9C-BB79-477A-BAFC-D3067EBA78B7}.Debug|x64.Build.0 = Debug|Any CPU
		{B999FD9C-BB79-477A-BAFC-D3067EBA78B7}.Debug|x86.ActiveCfg = Debug|Any CPU
		{B999FD9C-BB79-477A-BAFC-D3067EBA78B7}.Debug|x86.Build.0 = Debug|Any CPU
		{B999FD9C-BB79-477A-BAFC-D3067EBA78B7}.Release|Any CPU.ActiveCfg = Release|Any CPU
		{B999FD9C-BB79-477A-BAFC-D3067EBA78B7}.Release|Any CPU.Build.0 = Release|Any CPU
		{B999FD9C-BB79-477A-BAFC-D3067EBA78B7}.Release|x64.ActiveCfg = Release|Any CPU
		{B999FD9C-BB79-477A-BAFC-D3067EBA78B7}.Release|x64.Build.0 = Release|Any CPU
		{B999FD9C-BB79-477A-BAFC-D3067EBA78B7}.Release|x86.ActiveCfg = Release|Any CPU
		{B999FD9C-BB79-477A-BAFC-D3067EBA78B7}.Release|x86.Build.0 = Release|Any CPU
	EndGlobalSection
	GlobalSection(SolutionProperties) = preSolution
		HideSolutionNode = FALSE
	EndGlobalSection
	GlobalSection(ExtensibilityGlobals) = postSolution
		SolutionGuid = {0696EDF0-D23E-45FE-AE56-95A2CB10635D}
	EndGlobalSection
EndGlobal
